// !$*UTF8*$!
{
	archiveVersion = 1;
	classes = {
	};
	objectVersion = 46;
	objects = {

/* Begin PBXBuildFile section */
		0C0FB8241605790B00D1BD96 /* QuartzCore.framework in Frameworks */ = {isa = PBXBuildFile; fileRef = 0C0FB8231605790B00D1BD96 /* QuartzCore.framework */; };
		0C471932160516CF00214166 /* AddTripViewController.m in Sources */ = {isa = PBXBuildFile; fileRef = 0C471931160516CF00214166 /* AddTripViewController.m */; };
		0C47193516051A7700214166 /* WMTextField.m in Sources */ = {isa = PBXBuildFile; fileRef = 0C47193416051A7700214166 /* WMTextField.m */; };
		0C471938160527F800214166 /* WMTrip.m in Sources */ = {isa = PBXBuildFile; fileRef = 0C471937160527F800214166 /* WMTrip.m */; };
		0C47193B16052CF600214166 /* WMBlogPost.m in Sources */ = {isa = PBXBuildFile; fileRef = 0C47193A16052CF600214166 /* WMBlogPost.m */; };
		0C471942160562D100214166 /* Security.framework in Frameworks */ = {isa = PBXBuildFile; fileRef = 0C471941160562D100214166 /* Security.framework */; };
		0C7837C8160592B600F7BAB0 /* MapViewAnnotation.m in Sources */ = {isa = PBXBuildFile; fileRef = 0C7837C7160592B600F7BAB0 /* MapViewAnnotation.m */; };
		0C7837CB1605991500F7BAB0 /* CoreLocation.framework in Frameworks */ = {isa = PBXBuildFile; fileRef = 0C7837CA1605991500F7BAB0 /* CoreLocation.framework */; };
		0C847F25160D5991005672ED /* Default-568h@2x.png in Resources */ = {isa = PBXBuildFile; fileRef = 0C847F24160D5991005672ED /* Default-568h@2x.png */; };
		0C881C7D160438AA005E4425 /* UIKit.framework in Frameworks */ = {isa = PBXBuildFile; fileRef = 0C881C7C160438AA005E4425 /* UIKit.framework */; };
		0C881C7F160438AA005E4425 /* Foundation.framework in Frameworks */ = {isa = PBXBuildFile; fileRef = 0C881C7E160438AA005E4425 /* Foundation.framework */; };
		0C881C81160438AA005E4425 /* CoreGraphics.framework in Frameworks */ = {isa = PBXBuildFile; fileRef = 0C881C80160438AA005E4425 /* CoreGraphics.framework */; };
		0C881C87160438AA005E4425 /* InfoPlist.strings in Resources */ = {isa = PBXBuildFile; fileRef = 0C881C85160438AA005E4425 /* InfoPlist.strings */; };
		0C881C89160438AA005E4425 /* main.m in Sources */ = {isa = PBXBuildFile; fileRef = 0C881C88160438AA005E4425 /* main.m */; };
		0C881C8D160438AA005E4425 /* AppDelegate.m in Sources */ = {isa = PBXBuildFile; fileRef = 0C881C8C160438AA005E4425 /* AppDelegate.m */; };
		0C881C90160438AA005E4425 /* MainStoryboard.storyboard in Resources */ = {isa = PBXBuildFile; fileRef = 0C881C8E160438AA005E4425 /* MainStoryboard.storyboard */; };
		0C881C93160438AA005E4425 /* ViewController.m in Sources */ = {isa = PBXBuildFile; fileRef = 0C881C92160438AA005E4425 /* ViewController.m */; };
		0C881C9A16043ABA005E4425 /* Twitter.framework in Frameworks */ = {isa = PBXBuildFile; fileRef = 0C881C9916043ABA005E4425 /* Twitter.framework */; };
		0C881C9C16043E59005E4425 /* MapKit.framework in Frameworks */ = {isa = PBXBuildFile; fileRef = 0C881C9B16043E59005E4425 /* MapKit.framework */; };
/* End PBXBuildFile section */

/* Begin PBXFileReference section */
		0C0FB8231605790B00D1BD96 /* QuartzCore.framework */ = {isa = PBXFileReference; lastKnownFileType = wrapper.framework; path = QuartzCore.framework; sourceTree = "<group>"; };
		0C471930160516CF00214166 /* AddTripViewController.h */ = {isa = PBXFileReference; fileEncoding = 4; lastKnownFileType = sourcecode.c.h; path = AddTripViewController.h; sourceTree = "<group>"; };
		0C471931160516CF00214166 /* AddTripViewController.m */ = {isa = PBXFileReference; fileEncoding = 4; lastKnownFileType = sourcecode.c.objc; path = AddTripViewController.m; sourceTree = "<group>"; };
		0C47193316051A7700214166 /* WMTextField.h */ = {isa = PBXFileReference; fileEncoding = 4; lastKnownFileType = sourcecode.c.h; path = WMTextField.h; sourceTree = "<group>"; };
		0C47193416051A7700214166 /* WMTextField.m */ = {isa = PBXFileReference; fileEncoding = 4; lastKnownFileType = sourcecode.c.objc; path = WMTextField.m; sourceTree = "<group>"; };
		0C471936160527F800214166 /* WMTrip.h */ = {isa = PBXFileReference; fileEncoding = 4; lastKnownFileType = sourcecode.c.h; path = WMTrip.h; sourceTree = "<group>"; };
		0C471937160527F800214166 /* WMTrip.m */ = {isa = PBXFileReference; fileEncoding = 4; lastKnownFileType = sourcecode.c.objc; path = WMTrip.m; sourceTree = "<group>"; };
		0C47193916052CF600214166 /* WMBlogPost.h */ = {isa = PBXFileReference; fileEncoding = 4; lastKnownFileType = sourcecode.c.h; path = WMBlogPost.h; sourceTree = "<group>"; };
		0C47193A16052CF600214166 /* WMBlogPost.m */ = {isa = PBXFileReference; fileEncoding = 4; lastKnownFileType = sourcecode.c.objc; path = WMBlogPost.m; sourceTree = "<group>"; };
		0C471941160562D100214166 /* Security.framework */ = {isa = PBXFileReference; lastKnownFileType = wrapper.framework; name = Security.framework; path = System/Library/Frameworks/Security.framework; sourceTree = SDKROOT; };
		0C7837C6160592B600F7BAB0 /* MapViewAnnotation.h */ = {isa = PBXFileReference; fileEncoding = 4; lastKnownFileType = sourcecode.c.h; path = MapViewAnnotation.h; sourceTree = "<group>"; };
		0C7837C7160592B600F7BAB0 /* MapViewAnnotation.m */ = {isa = PBXFileReference; fileEncoding = 4; lastKnownFileType = sourcecode.c.objc; path = MapViewAnnotation.m; sourceTree = "<group>"; };
		0C7837CA1605991500F7BAB0 /* CoreLocation.framework */ = {isa = PBXFileReference; lastKnownFileType = wrapper.framework; path = CoreLocation.framework; sourceTree = "<group>"; };
		0C847F24160D5991005672ED /* Default-568h@2x.png */ = {isa = PBXFileReference; lastKnownFileType = image.png; path = "Default-568h@2x.png"; sourceTree = "<group>"; };
		0C881C78160438AA005E4425 /* Where-a-mazoo.app */ = {isa = PBXFileReference; explicitFileType = wrapper.application; includeInIndex = 0; path = "Where-a-mazoo.app"; sourceTree = BUILT_PRODUCTS_DIR; };
		0C881C7C160438AA005E4425 /* UIKit.framework */ = {isa = PBXFileReference; lastKnownFileType = wrapper.framework; name = UIKit.framework; path = System/Library/Frameworks/UIKit.framework; sourceTree = SDKROOT; };
		0C881C7E160438AA005E4425 /* Foundation.framework */ = {isa = PBXFileReference; lastKnownFileType = wrapper.framework; name = Foundation.framework; path = System/Library/Frameworks/Foundation.framework; sourceTree = SDKROOT; };
		0C881C80160438AA005E4425 /* CoreGraphics.framework */ = {isa = PBXFileReference; lastKnownFileType = wrapper.framework; name = CoreGraphics.framework; path = System/Library/Frameworks/CoreGraphics.framework; sourceTree = SDKROOT; };
		0C881C84160438AA005E4425 /* Where-a-mazoo-Info.plist */ = {isa = PBXFileReference; lastKnownFileType = text.plist.xml; path = "Where-a-mazoo-Info.plist"; sourceTree = "<group>"; };
		0C881C86160438AA005E4425 /* en */ = {isa = PBXFileReference; lastKnownFileType = text.plist.strings; name = en; path = en.lproj/InfoPlist.strings; sourceTree = "<group>"; };
		0C881C88160438AA005E4425 /* main.m */ = {isa = PBXFileReference; lastKnownFileType = sourcecode.c.objc; path = main.m; sourceTree = "<group>"; };
		0C881C8A160438AA005E4425 /* Where-a-mazoo-Prefix.pch */ = {isa = PBXFileReference; lastKnownFileType = sourcecode.c.h; path = "Where-a-mazoo-Prefix.pch"; sourceTree = "<group>"; };
		0C881C8B160438AA005E4425 /* AppDelegate.h */ = {isa = PBXFileReference; lastKnownFileType = sourcecode.c.h; path = AppDelegate.h; sourceTree = "<group>"; };
		0C881C8C160438AA005E4425 /* AppDelegate.m */ = {isa = PBXFileReference; lastKnownFileType = sourcecode.c.objc; path = AppDelegate.m; sourceTree = "<group>"; };
		0C881C8F160438AA005E4425 /* en */ = {isa = PBXFileReference; lastKnownFileType = file.storyboard; name = en; path = en.lproj/MainStoryboard.storyboard; sourceTree = "<group>"; };
		0C881C91160438AA005E4425 /* ViewController.h */ = {isa = PBXFileReference; lastKnownFileType = sourcecode.c.h; path = ViewController.h; sourceTree = "<group>"; };
		0C881C92160438AA005E4425 /* ViewController.m */ = {isa = PBXFileReference; lastKnownFileType = sourcecode.c.objc; path = ViewController.m; sourceTree = "<group>"; };
		0C881C9916043ABA005E4425 /* Twitter.framework */ = {isa = PBXFileReference; lastKnownFileType = wrapper.framework; name = Twitter.framework; path = System/Library/Frameworks/Twitter.framework; sourceTree = SDKROOT; };
		0C881C9B16043E59005E4425 /* MapKit.framework */ = {isa = PBXFileReference; lastKnownFileType = wrapper.framework; name = MapKit.framework; path = System/Library/Frameworks/MapKit.framework; sourceTree = SDKROOT; };
/* End PBXFileReference section */

/* Begin PBXFrameworksBuildPhase section */
		0C881C75160438AA005E4425 /* Frameworks */ = {
			isa = PBXFrameworksBuildPhase;
			buildActionMask = 2147483647;
			files = (
				0C881C7D160438AA005E4425 /* UIKit.framework in Frameworks */,
				0C881C7F160438AA005E4425 /* Foundation.framework in Frameworks */,
				0C881C81160438AA005E4425 /* CoreGraphics.framework in Frameworks */,
				0C881C9A16043ABA005E4425 /* Twitter.framework in Frameworks */,
				0C881C9C16043E59005E4425 /* MapKit.framework in Frameworks */,
				0C471942160562D100214166 /* Security.framework in Frameworks */,
				0C0FB8241605790B00D1BD96 /* QuartzCore.framework in Frameworks */,
				0C7837CB1605991500F7BAB0 /* CoreLocation.framework in Frameworks */,
			);
			runOnlyForDeploymentPostprocessing = 0;
		};
/* End PBXFrameworksBuildPhase section */

/* Begin PBXGroup section */
		0C881C6D160438AA005E4425 = {
			isa = PBXGroup;
			children = (
				0C847F24160D5991005672ED /* Default-568h@2x.png */,
				0C881C82160438AA005E4425 /* Where-a-mazoo */,
				0C881C7B160438AA005E4425 /* Frameworks */,
				0C881C79160438AA005E4425 /* Products */,
			);
			sourceTree = "<group>";
		};
		0C881C79160438AA005E4425 /* Products */ = {
			isa = PBXGroup;
			children = (
				0C881C78160438AA005E4425 /* Where-a-mazoo.app */,
			);
			name = Products;
			sourceTree = "<group>";
		};
		0C881C7B160438AA005E4425 /* Frameworks */ = {
			isa = PBXGroup;
			children = (
				0C7837CA1605991500F7BAB0 /* CoreLocation.framework */,
				0C0FB8231605790B00D1BD96 /* QuartzCore.framework */,
				0C471941160562D100214166 /* Security.framework */,
				0C881C9B16043E59005E4425 /* MapKit.framework */,
				0C881C9916043ABA005E4425 /* Twitter.framework */,
				0C881C7C160438AA005E4425 /* UIKit.framework */,
				0C881C7E160438AA005E4425 /* Foundation.framework */,
				0C881C80160438AA005E4425 /* CoreGraphics.framework */,
			);
			name = Frameworks;
			sourceTree = "<group>";
		};
		0C881C82160438AA005E4425 /* Where-a-mazoo */ = {
			isa = PBXGroup;
			children = (
				0C881C8B160438AA005E4425 /* AppDelegate.h */,
				0C881C8C160438AA005E4425 /* AppDelegate.m */,
				0C881C8E160438AA005E4425 /* MainStoryboard.storyboard */,
				0C881C91160438AA005E4425 /* ViewController.h */,
				0C881C92160438AA005E4425 /* ViewController.m */,
				0C471930160516CF00214166 /* AddTripViewController.h */,
				0C471931160516CF00214166 /* AddTripViewController.m */,
				0C47193316051A7700214166 /* WMTextField.h */,
				0C47193416051A7700214166 /* WMTextField.m */,
				0C7837C6160592B600F7BAB0 /* MapViewAnnotation.h */,
				0C7837C7160592B600F7BAB0 /* MapViewAnnotation.m */,
				0C471936160527F800214166 /* WMTrip.h */,
				0C471937160527F800214166 /* WMTrip.m */,
				0C47193916052CF600214166 /* WMBlogPost.h */,
				0C47193A16052CF600214166 /* WMBlogPost.m */,
				0C881C83160438AA005E4425 /* Supporting Files */,
			);
			path = "Where-a-mazoo";
			sourceTree = "<group>";
		};
		0C881C83160438AA005E4425 /* Supporting Files */ = {
			isa = PBXGroup;
			children = (
				0C881C84160438AA005E4425 /* Where-a-mazoo-Info.plist */,
				0C881C85160438AA005E4425 /* InfoPlist.strings */,
				0C881C88160438AA005E4425 /* main.m */,
				0C881C8A160438AA005E4425 /* Where-a-mazoo-Prefix.pch */,
			);
			name = "Supporting Files";
			sourceTree = "<group>";
		};
/* End PBXGroup section */

/* Begin PBXNativeTarget section */
		0C881C77160438AA005E4425 /* Where-a-mazoo */ = {
			isa = PBXNativeTarget;
			buildConfigurationList = 0C881C96160438AA005E4425 /* Build configuration list for PBXNativeTarget "Where-a-mazoo" */;
			buildPhases = (
				0C881C74160438AA005E4425 /* Sources */,
				0C881C75160438AA005E4425 /* Frameworks */,
				0C881C76160438AA005E4425 /* Resources */,
			);
			buildRules = (
			);
			dependencies = (
			);
			name = "Where-a-mazoo";
			productName = "Where-a-mazoo";
			productReference = 0C881C78160438AA005E4425 /* Where-a-mazoo.app */;
			productType = "com.apple.product-type.application";
		};
/* End PBXNativeTarget section */

/* Begin PBXProject section */
		0C881C6F160438AA005E4425 /* Project object */ = {
			isa = PBXProject;
			attributes = {
				LastUpgradeCheck = 0440;
				ORGANIZATIONNAME = "Vig Sachidananda";
			};
			buildConfigurationList = 0C881C72160438AA005E4425 /* Build configuration list for PBXProject "Where-a-mazoo" */;
			compatibilityVersion = "Xcode 3.2";
			developmentRegion = English;
			hasScannedForEncodings = 0;
			knownRegions = (
				en,
			);
			mainGroup = 0C881C6D160438AA005E4425;
			productRefGroup = 0C881C79160438AA005E4425 /* Products */;
			projectDirPath = "";
			projectRoot = "";
			targets = (
				0C881C77160438AA005E4425 /* Where-a-mazoo */,
			);
		};
/* End PBXProject section */

/* Begin PBXResourcesBuildPhase section */
		0C881C76160438AA005E4425 /* Resources */ = {
			isa = PBXResourcesBuildPhase;
			buildActionMask = 2147483647;
			files = (
				0C881C87160438AA005E4425 /* InfoPlist.strings in Resources */,
				0C881C90160438AA005E4425 /* MainStoryboard.storyboard in Resources */,
				0C847F25160D5991005672ED /* Default-568h@2x.png in Resources */,
			);
			runOnlyForDeploymentPostprocessing = 0;
		};
/* End PBXResourcesBuildPhase section */

/* Begin PBXSourcesBuildPhase section */
		0C881C74160438AA005E4425 /* Sources */ = {
			isa = PBXSourcesBuildPhase;
			buildActionMask = 2147483647;
			files = (
				0C881C89160438AA005E4425 /* main.m in Sources */,
				0C881C8D160438AA005E4425 /* AppDelegate.m in Sources */,
				0C881C93160438AA005E4425 /* ViewController.m in Sources */,
				0C471932160516CF00214166 /* AddTripViewController.m in Sources */,
				0C47193516051A7700214166 /* WMTextField.m in Sources */,
				0C471938160527F800214166 /* WMTrip.m in Sources */,
				0C47193B16052CF600214166 /* WMBlogPost.m in Sources */,
				0C7837C8160592B600F7BAB0 /* MapViewAnnotation.m in Sources */,
			);
			runOnlyForDeploymentPostprocessing = 0;
		};
/* End PBXSourcesBuildPhase section */

/* Begin PBXVariantGroup section */
		0C881C85160438AA005E4425 /* InfoPlist.strings */ = {
			isa = PBXVariantGroup;
			children = (
				0C881C86160438AA005E4425 /* en */,
			);
			name = InfoPlist.strings;
			sourceTree = "<group>";
		};
		0C881C8E160438AA005E4425 /* MainStoryboard.storyboard */ = {
			isa = PBXVariantGroup;
			children = (
				0C881C8F160438AA005E4425 /* en */,
			);
			name = MainStoryboard.storyboard;
			sourceTree = "<group>";
		};
/* End PBXVariantGroup section */

/* Begin XCBuildConfiguration section */
		0C881C94160438AA005E4425 /* Debug */ = {
			isa = XCBuildConfiguration;
			buildSettings = {
				ALWAYS_SEARCH_USER_PATHS = NO;
				ARCHS = "$(ARCHS_STANDARD_32_BIT)";
				CLANG_CXX_LANGUAGE_STANDARD = "gnu++0x";
				CLANG_ENABLE_OBJC_ARC = YES;
				CLANG_WARN__DUPLICATE_METHOD_MATCH = YES;
				"CODE_SIGN_IDENTITY[sdk=iphoneos*]" = "iPhone Developer";
				COPY_PHASE_STRIP = NO;
				GCC_C_LANGUAGE_STANDARD = gnu99;
				GCC_DYNAMIC_NO_PIC = NO;
				GCC_OPTIMIZATION_LEVEL = 0;
				GCC_PREPROCESSOR_DEFINITIONS = (
					"DEBUG=1",
					"$(inherited)",
				);
				GCC_SYMBOLS_PRIVATE_EXTERN = NO;
				GCC_VERSION = com.apple.compilers.llvm.clang.1_0;
				GCC_WARN_ABOUT_RETURN_TYPE = YES;
				GCC_WARN_UNINITIALIZED_AUTOS = YES;
				GCC_WARN_UNUSED_VARIABLE = YES;
				IPHONEOS_DEPLOYMENT_TARGET = 5.1;
				SDKROOT = iphoneos;
			};
			name = Debug;
		};
		0C881C95160438AA005E4425 /* Release */ = {
			isa = XCBuildConfiguration;
			buildSettings = {
				ALWAYS_SEARCH_USER_PATHS = NO;
				ARCHS = "$(ARCHS_STANDARD_32_BIT)";
				CLANG_CXX_LANGUAGE_STANDARD = "gnu++0x";
				CLANG_ENABLE_OBJC_ARC = YES;
				CLANG_WARN__DUPLICATE_METHOD_MATCH = YES;
				"CODE_SIGN_IDENTITY[sdk=iphoneos*]" = "iPhone Developer";
				COPY_PHASE_STRIP = YES;
				GCC_C_LANGUAGE_STANDARD = gnu99;
				GCC_VERSION = com.apple.compilers.llvm.clang.1_0;
				GCC_WARN_ABOUT_RETURN_TYPE = YES;
				GCC_WARN_UNINITIALIZED_AUTOS = YES;
				GCC_WARN_UNUSED_VARIABLE = YES;
				IPHONEOS_DEPLOYMENT_TARGET = 5.1;
				OTHER_CFLAGS = "-DNS_BLOCK_ASSERTIONS=1";
				SDKROOT = iphoneos;
				VALIDATE_PRODUCT = YES;
			};
			name = Release;
		};
		0C881C97160438AA005E4425 /* Debug */ = {
			isa = XCBuildConfiguration;
			buildSettings = {
				FRAMEWORK_SEARCH_PATHS = (
					"$(inherited)",
					"\"$(SRCROOT)/../../Downloads/dropbox-ios-sdk-1-1.1\"",
					"\"$(SRCROOT)\"",
				);
				GCC_PRECOMPILE_PREFIX_HEADER = YES;
				GCC_PREFIX_HEADER = "Where-a-mazoo/Where-a-mazoo-Prefix.pch";
				INFOPLIST_FILE = "Where-a-mazoo/Where-a-mazoo-Info.plist";
				PRODUCT_NAME = "$(TARGET_NAME)";
				WRAPPER_EXTENSION = app;
			};
			name = Debug;
		};
		0C881C98160438AA005E4425 /* Release */ = {
			isa = XCBuildConfiguration;
			buildSettings = {
				FRAMEWORK_SEARCH_PATHS = (
					"$(inherited)",
					"\"$(SRCROOT)/../../Downloads/dropbox-ios-sdk-1-1.1\"",
					"\"$(SRCROOT)\"",
				);
				GCC_PRECOMPILE_PREFIX_HEADER = YES;
				GCC_PREFIX_HEADER = "Where-a-mazoo/Where-a-mazoo-Prefix.pch";
				INFOPLIST_FILE = "Where-a-mazoo/Where-a-mazoo-Info.plist";
				PRODUCT_NAME = "$(TARGET_NAME)";
				WRAPPER_EXTENSION = app;
			};
			name = Release;
		};
/* End XCBuildConfiguration section */

/* Begin XCConfigurationList section */
		0C881C72160438AA005E4425 /* Build configuration list for PBXProject "Where-a-mazoo" */ = {
			isa = XCConfigurationList;
			buildConfigurations = (
				0C881C94160438AA005E4425 /* Debug */,
				0C881C95160438AA005E4425 /* Release */,
			);
			defaultConfigurationIsVisible = 0;
			defaultConfigurationName = Release;
		};
		0C881C96160438AA005E4425 /* Build configuration list for PBXNativeTarget "Where-a-mazoo" */ = {
			isa = XCConfigurationList;
			buildConfigurations = (
				0C881C97160438AA005E4425 /* Debug */,
				0C881C98160438AA005E4425 /* Release */,
			);
			defaultConfigurationIsVisible = 0;
			defaultConfigurationName = Release;
		};
/* End XCConfigurationList section */
	};
	rootObject = 0C881C6F160438AA005E4425 /* Project object */;
}
